{
  "name": "plugins",
  "lockfileVersion": 3,
  "requires": true,
  "packages": {
    "": {
      "dependencies": {
        "@alpinejs/intersect": "^3.14.9"
      }
    },
    "node_modules/@alpinejs/intersect": {
      "version": "3.14.9",
      "resolved": "https://registry.npmjs.org/@alpinejs/intersect/-/intersect-3.14.9.tgz",
      "integrity": "sha512-6LLIqrESA5kxuTbDJshtItfHmZoiiDOpf8lOeRrNtYjSj/FkggDpnjD+ZFGF5btEOVSpWic2VmG2BejR/aMxDw==",
      "license": "MIT"
    }
  }
}
